
Microsoft Visual Studio Solution File, Format Version 12.00
# Visual Studio Version 16
VisualStudioVersion = 16.0.31729.503
MinimumVisualStudioVersion = 10.0.40219.1
Project("{9A19103F-16F7-4668-BE54-9A1E7A4F7556}") = "NoofLab.VKBot.Core", "NoofLab.VKBot.Core\NoofLab.VKBot.Core.csproj", "{490E45EB-F5E4-44C6-B412-9A143C711643}"
EndProject
Project("{2150E333-8FDC-42A3-9474-1A3956D46DE8}") = "Items", "Items", "{A3DE0FBE-B380-4679-9E31-4CA97FB4A5F5}"
	ProjectSection(SolutionItems) = preProject
		.editorconfig = .editorconfig
		notes.md = notes.md
	EndProjectSection
EndProject
Project("{9A19103F-16F7-4668-BE54-9A1E7A4F7556}") = "NoofLab.VKBot.Console", "NoofLab.VKBot.Console\NoofLab.VKBot.Console.csproj", "{D8492DFE-F512-4483-9DB2-9C9A0B273C20}"
EndProject
Project("{2150E333-8FDC-42A3-9474-1A3956D46DE8}") = "VkApi", "VkApi", "{8D653D54-A030-4BB6-A50E-FA7AADE744C8}"
EndProject
Project("{9A19103F-16F7-4668-BE54-9A1E7A4F7556}") = "VkNet", "vk\VkNet\VkNet.csproj", "{1FE44CD4-99CD-4994-B342-48A1989079BA}"
EndProject
Project("{9A19103F-16F7-4668-BE54-9A1E7A4F7556}") = "VkNet.Core.Abstractions", "vk\VkNet.Core.Abstractions\VkNet.Core.Abstractions.csproj", "{0A5A6C8C-AB95-4996-8168-1C9C2A59F530}"
EndProject
Project("{9A19103F-16F7-4668-BE54-9A1E7A4F7556}") = "VkNet.Tests", "vk\VkNet.Tests\VkNet.Tests.csproj", "{849EDDF5-2AE2-4ABD-9C56-9DE3F99AD3F6}"
EndProject
Global
	GlobalSection(SolutionConfigurationPlatforms) = preSolution
		Debug|Any CPU = Debug|Any CPU
		Release|Any CPU = Release|Any CPU
	EndGlobalSection
	GlobalSection(ProjectConfigurationPlatforms) = postSolution
		{490E45EB-F5E4-44C6-B412-9A143C711643}.Debug|Any CPU.ActiveCfg = Debug|Any CPU
		{490E45EB-F5E4-44C6-B412-9A143C711643}.Debug|Any CPU.Build.0 = Debug|Any CPU
		{490E45EB-F5E4-44C6-B412-9A143C711643}.Release|Any CPU.ActiveCfg = Release|Any CPU
		{490E45EB-F5E4-44C6-B412-9A143C711643}.Release|Any CPU.Build.0 = Release|Any CPU
		{D8492DFE-F512-4483-9DB2-9C9A0B273C20}.Debug|Any CPU.ActiveCfg = Debug|Any CPU
		{D8492DFE-F512-4483-9DB2-9C9A0B273C20}.Debug|Any CPU.Build.0 = Debug|Any CPU
		{D8492DFE-F512-4483-9DB2-9C9A0B273C20}.Release|Any CPU.ActiveCfg = Release|Any CPU
		{D8492DFE-F512-4483-9DB2-9C9A0B273C20}.Release|Any CPU.Build.0 = Release|Any CPU
		{1FE44CD4-99CD-4994-B342-48A1989079BA}.Debug|Any CPU.ActiveCfg = Debug|Any CPU
		{1FE44CD4-99CD-4994-B342-48A1989079BA}.Debug|Any CPU.Build.0 = Debug|Any CPU
		{1FE44CD4-99CD-4994-B342-48A1989079BA}.Release|Any CPU.ActiveCfg = Release|Any CPU
		{1FE44CD4-99CD-4994-B342-48A1989079BA}.Release|Any CPU.Build.0 = Release|Any CPU
		{0A5A6C8C-AB95-4996-8168-1C9C2A59F530}.Debug|Any CPU.ActiveCfg = Debug|Any CPU
		{0A5A6C8C-AB95-4996-8168-1C9C2A59F530}.Debug|Any CPU.Build.0 = Debug|Any CPU
		{0A5A6C8C-AB95-4996-8168-1C9C2A59F530}.Release|Any CPU.ActiveCfg = Release|Any CPU
		{0A5A6C8C-AB95-4996-8168-1C9C2A59F530}.Release|Any CPU.Build.0 = Release|Any CPU
		{849EDDF5-2AE2-4ABD-9C56-9DE3F99AD3F6}.Debug|Any CPU.ActiveCfg = Debug|Any CPU
		{849EDDF5-2AE2-4ABD-9C56-9DE3F99AD3F6}.Debug|Any CPU.Build.0 = Debug|Any CPU
		{849EDDF5-2AE2-4ABD-9C56-9DE3F99AD3F6}.Release|Any CPU.ActiveCfg = Release|Any CPU
		{849EDDF5-2AE2-4ABD-9C56-9DE3F99AD3F6}.Release|Any CPU.Build.0 = Release|Any CPU
	EndGlobalSection
	GlobalSection(SolutionProperties) = preSolution
		HideSolutionNode = FALSE
	EndGlobalSection
	GlobalSection(NestedProjects) = preSolution
		{1FE44CD4-99CD-4994-B342-48A1989079BA} = {8D653D54-A030-4BB6-A50E-FA7AADE744C8}
		{0A5A6C8C-AB95-4996-8168-1C9C2A59F530} = {8D653D54-A030-4BB6-A50E-FA7AADE744C8}
		{849EDDF5-2AE2-4ABD-9C56-9DE3F99AD3F6} = {8D653D54-A030-4BB6-A50E-FA7AADE744C8}
	EndGlobalSection
	GlobalSection(ExtensibilityGlobals) = postSolution
		SolutionGuid = {ACBCA3A8-9129-4832-8FDD-D7A8727335D0}
	EndGlobalSection
EndGlobal
