
Microsoft Visual Studio Solution File, Format Version 12.00
# Visual Studio Version 16
VisualStudioVersion = 16.0.31729.503
MinimumVisualStudioVersion = 10.0.40219.1
Project("{9A19103F-16F7-4668-BE54-9A1E7A4F7556}") = "NoofLab.VKBot.Core", "NoofLab.VKBot.Core\NoofLab.VKBot.Core.csproj", "{490E45EB-F5E4-44C6-B412-9A143C711643}"
EndProject
Project("{2150E333-8FDC-42A3-9474-1A3956D46DE8}") = "Items", "Items", "{A3DE0FBE-B380-4679-9E31-4CA97FB4A5F5}"
	ProjectSection(SolutionItems) = preProject
		.editorconfig = .editorconfig
		notes.md = notes.md
	EndProjectSection
EndProject
Project("{FAE04EC0-301F-11D3-BF4B-00C04F79EFBC}") = "NoofLab.VKBot.Console", "NoofLab.VKBot.Console\NoofLab.VKBot.Console.csproj", "{D8492DFE-F512-4483-9DB2-9C9A0B273C20}"
EndProject
Global
	GlobalSection(SolutionConfigurationPlatforms) = preSolution
		Debug|Any CPU = Debug|Any CPU
		Release|Any CPU = Release|Any CPU
	EndGlobalSection
	GlobalSection(ProjectConfigurationPlatforms) = postSolution
		{490E45EB-F5E4-44C6-B412-9A143C711643}.Debug|Any CPU.ActiveCfg = Debug|Any CPU
		{490E45EB-F5E4-44C6-B412-9A143C711643}.Debug|Any CPU.Build.0 = Debug|Any CPU
		{490E45EB-F5E4-44C6-B412-9A143C711643}.Release|Any CPU.ActiveCfg = Release|Any CPU
		{490E45EB-F5E4-44C6-B412-9A143C711643}.Release|Any CPU.Build.0 = Release|Any CPU
		{D8492DFE-F512-4483-9DB2-9C9A0B273C20}.Debug|Any CPU.ActiveCfg = Debug|Any CPU
		{D8492DFE-F512-4483-9DB2-9C9A0B273C20}.Debug|Any CPU.Build.0 = Debug|Any CPU
		{D8492DFE-F512-4483-9DB2-9C9A0B273C20}.Release|Any CPU.ActiveCfg = Release|Any CPU
		{D8492DFE-F512-4483-9DB2-9C9A0B273C20}.Release|Any CPU.Build.0 = Release|Any CPU
	EndGlobalSection
	GlobalSection(SolutionProperties) = preSolution
		HideSolutionNode = FALSE
	EndGlobalSection
	GlobalSection(ExtensibilityGlobals) = postSolution
		SolutionGuid = {ACBCA3A8-9129-4832-8FDD-D7A8727335D0}
	EndGlobalSection
EndGlobal
